
Microsoft Visual Studio Solution File, Format Version 12.00
# Visual Studio Version 17
VisualStudioVersion = 17.6.33717.318
MinimumVisualStudioVersion = 10.0.40219.1
Project("{FAE04EC0-301F-11D3-BF4B-00C04F79EFBC}") = "ConsoleApp6", "ConsoleApp6\ConsoleApp6.csproj", "{B2758675-1F69-44D9-B8FD-A5DEFF159333}"
EndProject
Global
	GlobalSection(SolutionConfigurationPlatforms) = preSolution
		Debug|Any CPU = Debug|Any CPU
		Release|Any CPU = Release|Any CPU
	EndGlobalSection
	GlobalSection(ProjectConfigurationPlatforms) = postSolution
		{B2758675-1F69-44D9-B8FD-A5DEFF159333}.Debug|Any CPU.ActiveCfg = Debug|Any CPU
		{B2758675-1F69-44D9-B8FD-A5DEFF159333}.Debug|Any CPU.Build.0 = Debug|Any CPU
		{B2758675-1F69-44D9-B8FD-A5DEFF159333}.Release|Any CPU.ActiveCfg = Release|Any CPU
		{B2758675-1F69-44D9-B8FD-A5DEFF159333}.Release|Any CPU.Build.0 = Release|Any CPU
	EndGlobalSection
	GlobalSection(SolutionProperties) = preSolution
		HideSolutionNode = FALSE
	EndGlobalSection
	GlobalSection(ExtensibilityGlobals) = postSolution
		SolutionGuid = {8659631B-252E-44A8-8528-40F7CCB0A244}
	EndGlobalSection
EndGlobal
